{
  "name": "typescript",
  "version": "0.0.0",
  "lockfileVersion": 1,
  "requires": true,
  "dependencies": {
    "typescript": {
      "version": "3.8.0-dev.20200118",
      "resolved": "https://registry.npmjs.org/typescript/-/typescript-3.8.0-dev.20200118.tgz",
      "integrity": "sha512-ip3RvbS7dBp4T/z+X5Gil2nCAOPBXNMLUzlvbpH5ekevlVrkwf4fGsq1Kfsw6HcN2MoGtyHhXNQUx6xRLWKRhA==",
      "dev": true
    }
  }
}
